
Microsoft Visual Studio Solution File, Format Version 9.00
# Visual Studio 2005
Project("{8BC9CEB8-8B4A-11D0-8D11-00A0C91BC942}") = "CT", "CT.vcproj", "{8758C0BC-42D1-4AC0-9153-F382342B5E1C}"
EndProject
Project("{8BC9CEB8-8B4A-11D0-8D11-00A0C91BC942}") = "MyGraph", "..\MyGraph\MyGraph\Copy of MyGraph.vcproj", "{2586ADE0-422E-474D-A042-C30A55A0715E}"
EndProject
Global
	GlobalSection(SolutionConfigurationPlatforms) = preSolution
		Debug|Win32 = Debug|Win32
		DLL Debug|Win32 = DLL Debug|Win32
		DLL Release|Win32 = DLL Release|Win32
		DLL Unicode Debug|Win32 = DLL Unicode Debug|Win32
		DLL Unicode Release|Win32 = DLL Unicode Release|Win32
		DLL Universal Debug|Win32 = DLL Universal Debug|Win32
		DLL Universal Release|Win32 = DLL Universal Release|Win32
		DLL Universal Unicode Debug|Win32 = DLL Universal Unicode Debug|Win32
		DLL Universal Unicode Release|Win32 = DLL Universal Unicode Release|Win32
		Release|Win32 = Release|Win32
		Unicode Debug|Win32 = Unicode Debug|Win32
		Unicode Release|Win32 = Unicode Release|Win32
		Universal Debug|Win32 = Universal Debug|Win32
		Universal Release|Win32 = Universal Release|Win32
		Universal Unicode Debug|Win32 = Universal Unicode Debug|Win32
		Universal Unicode Release|Win32 = Universal Unicode Release|Win32
	EndGlobalSection
	GlobalSection(ProjectConfigurationPlatforms) = postSolution
		{8758C0BC-42D1-4AC0-9153-F382342B5E1C}.Debug|Win32.ActiveCfg = Debug|Win32
		{8758C0BC-42D1-4AC0-9153-F382342B5E1C}.Debug|Win32.Build.0 = Debug|Win32
		{8758C0BC-42D1-4AC0-9153-F382342B5E1C}.DLL Debug|Win32.ActiveCfg = DLL Debug|Win32
		{8758C0BC-42D1-4AC0-9153-F382342B5E1C}.DLL Debug|Win32.Build.0 = DLL Debug|Win32
		{8758C0BC-42D1-4AC0-9153-F382342B5E1C}.DLL Release|Win32.ActiveCfg = DLL Release|Win32
		{8758C0BC-42D1-4AC0-9153-F382342B5E1C}.DLL Release|Win32.Build.0 = DLL Release|Win32
		{8758C0BC-42D1-4AC0-9153-F382342B5E1C}.DLL Unicode Debug|Win32.ActiveCfg = DLL Unicode Debug|Win32
		{8758C0BC-42D1-4AC0-9153-F382342B5E1C}.DLL Unicode Debug|Win32.Build.0 = DLL Unicode Debug|Win32
		{8758C0BC-42D1-4AC0-9153-F382342B5E1C}.DLL Unicode Release|Win32.ActiveCfg = DLL Unicode Release|Win32
		{8758C0BC-42D1-4AC0-9153-F382342B5E1C}.DLL Unicode Release|Win32.Build.0 = DLL Unicode Release|Win32
		{8758C0BC-42D1-4AC0-9153-F382342B5E1C}.DLL Universal Debug|Win32.ActiveCfg = DLL Universal Debug|Win32
		{8758C0BC-42D1-4AC0-9153-F382342B5E1C}.DLL Universal Debug|Win32.Build.0 = DLL Universal Debug|Win32
		{8758C0BC-42D1-4AC0-9153-F382342B5E1C}.DLL Universal Release|Win32.ActiveCfg = DLL Universal Release|Win32
		{8758C0BC-42D1-4AC0-9153-F382342B5E1C}.DLL Universal Release|Win32.Build.0 = DLL Universal Release|Win32
		{8758C0BC-42D1-4AC0-9153-F382342B5E1C}.DLL Universal Unicode Debug|Win32.ActiveCfg = DLL Universal Unicode Debug|Win32
		{8758C0BC-42D1-4AC0-9153-F382342B5E1C}.DLL Universal Unicode Debug|Win32.Build.0 = DLL Universal Unicode Debug|Win32
		{8758C0BC-42D1-4AC0-9153-F382342B5E1C}.DLL Universal Unicode Release|Win32.ActiveCfg = DLL Universal Unicode Release|Win32
		{8758C0BC-42D1-4AC0-9153-F382342B5E1C}.DLL Universal Unicode Release|Win32.Build.0 = DLL Universal Unicode Release|Win32
		{8758C0BC-42D1-4AC0-9153-F382342B5E1C}.Release|Win32.ActiveCfg = Release|Win32
		{8758C0BC-42D1-4AC0-9153-F382342B5E1C}.Release|Win32.Build.0 = Release|Win32
		{8758C0BC-42D1-4AC0-9153-F382342B5E1C}.Unicode Debug|Win32.ActiveCfg = Unicode Debug|Win32
		{8758C0BC-42D1-4AC0-9153-F382342B5E1C}.Unicode Debug|Win32.Build.0 = Unicode Debug|Win32
		{8758C0BC-42D1-4AC0-9153-F382342B5E1C}.Unicode Release|Win32.ActiveCfg = Unicode Release|Win32
		{8758C0BC-42D1-4AC0-9153-F382342B5E1C}.Unicode Release|Win32.Build.0 = Unicode Release|Win32
		{8758C0BC-42D1-4AC0-9153-F382342B5E1C}.Universal Debug|Win32.ActiveCfg = Universal Debug|Win32
		{8758C0BC-42D1-4AC0-9153-F382342B5E1C}.Universal Debug|Win32.Build.0 = Universal Debug|Win32
		{8758C0BC-42D1-4AC0-9153-F382342B5E1C}.Universal Release|Win32.ActiveCfg = Universal Release|Win32
		{8758C0BC-42D1-4AC0-9153-F382342B5E1C}.Universal Release|Win32.Build.0 = Universal Release|Win32
		{8758C0BC-42D1-4AC0-9153-F382342B5E1C}.Universal Unicode Debug|Win32.ActiveCfg = Universal Unicode Debug|Win32
		{8758C0BC-42D1-4AC0-9153-F382342B5E1C}.Universal Unicode Debug|Win32.Build.0 = Universal Unicode Debug|Win32
		{8758C0BC-42D1-4AC0-9153-F382342B5E1C}.Universal Unicode Release|Win32.ActiveCfg = Universal Unicode Release|Win32
		{8758C0BC-42D1-4AC0-9153-F382342B5E1C}.Universal Unicode Release|Win32.Build.0 = Universal Unicode Release|Win32
		{2586ADE0-422E-474D-A042-C30A55A0715E}.Debug|Win32.ActiveCfg = Debug|Win32
		{2586ADE0-422E-474D-A042-C30A55A0715E}.Debug|Win32.Build.0 = Debug|Win32
		{2586ADE0-422E-474D-A042-C30A55A0715E}.DLL Debug|Win32.ActiveCfg = DLL Debug|Win32
		{2586ADE0-422E-474D-A042-C30A55A0715E}.DLL Debug|Win32.Build.0 = DLL Debug|Win32
		{2586ADE0-422E-474D-A042-C30A55A0715E}.DLL Release|Win32.ActiveCfg = DLL Release|Win32
		{2586ADE0-422E-474D-A042-C30A55A0715E}.DLL Release|Win32.Build.0 = DLL Release|Win32
		{2586ADE0-422E-474D-A042-C30A55A0715E}.DLL Unicode Debug|Win32.ActiveCfg = DLL Unicode Debug|Win32
		{2586ADE0-422E-474D-A042-C30A55A0715E}.DLL Unicode Debug|Win32.Build.0 = DLL Unicode Debug|Win32
		{2586ADE0-422E-474D-A042-C30A55A0715E}.DLL Unicode Release|Win32.ActiveCfg = DLL Unicode Release|Win32
		{2586ADE0-422E-474D-A042-C30A55A0715E}.DLL Unicode Release|Win32.Build.0 = DLL Unicode Release|Win32
		{2586ADE0-422E-474D-A042-C30A55A0715E}.DLL Universal Debug|Win32.ActiveCfg = DLL Universal Debug|Win32
		{2586ADE0-422E-474D-A042-C30A55A0715E}.DLL Universal Debug|Win32.Build.0 = DLL Universal Debug|Win32
		{2586ADE0-422E-474D-A042-C30A55A0715E}.DLL Universal Release|Win32.ActiveCfg = DLL Universal Release|Win32
		{2586ADE0-422E-474D-A042-C30A55A0715E}.DLL Universal Release|Win32.Build.0 = DLL Universal Release|Win32
		{2586ADE0-422E-474D-A042-C30A55A0715E}.DLL Universal Unicode Debug|Win32.ActiveCfg = DLL Universal Unicode Debug|Win32
		{2586ADE0-422E-474D-A042-C30A55A0715E}.DLL Universal Unicode Debug|Win32.Build.0 = DLL Universal Unicode Debug|Win32
		{2586ADE0-422E-474D-A042-C30A55A0715E}.DLL Universal Unicode Release|Win32.ActiveCfg = DLL Universal Unicode Release|Win32
		{2586ADE0-422E-474D-A042-C30A55A0715E}.DLL Universal Unicode Release|Win32.Build.0 = DLL Universal Unicode Release|Win32
		{2586ADE0-422E-474D-A042-C30A55A0715E}.Release|Win32.ActiveCfg = Release|Win32
		{2586ADE0-422E-474D-A042-C30A55A0715E}.Release|Win32.Build.0 = Release|Win32
		{2586ADE0-422E-474D-A042-C30A55A0715E}.Unicode Debug|Win32.ActiveCfg = Unicode Debug|Win32
		{2586ADE0-422E-474D-A042-C30A55A0715E}.Unicode Debug|Win32.Build.0 = Unicode Debug|Win32
		{2586ADE0-422E-474D-A042-C30A55A0715E}.Unicode Release|Win32.ActiveCfg = Unicode Release|Win32
		{2586ADE0-422E-474D-A042-C30A55A0715E}.Unicode Release|Win32.Build.0 = Unicode Release|Win32
		{2586ADE0-422E-474D-A042-C30A55A0715E}.Universal Debug|Win32.ActiveCfg = Universal Debug|Win32
		{2586ADE0-422E-474D-A042-C30A55A0715E}.Universal Debug|Win32.Build.0 = Universal Debug|Win32
		{2586ADE0-422E-474D-A042-C30A55A0715E}.Universal Release|Win32.ActiveCfg = Universal Release|Win32
		{2586ADE0-422E-474D-A042-C30A55A0715E}.Universal Release|Win32.Build.0 = Universal Release|Win32
		{2586ADE0-422E-474D-A042-C30A55A0715E}.Universal Unicode Debug|Win32.ActiveCfg = Universal Unicode Debug|Win32
		{2586ADE0-422E-474D-A042-C30A55A0715E}.Universal Unicode Debug|Win32.Build.0 = Universal Unicode Debug|Win32
		{2586ADE0-422E-474D-A042-C30A55A0715E}.Universal Unicode Release|Win32.ActiveCfg = Universal Unicode Release|Win32
		{2586ADE0-422E-474D-A042-C30A55A0715E}.Universal Unicode Release|Win32.Build.0 = Universal Unicode Release|Win32
	EndGlobalSection
	GlobalSection(SolutionProperties) = preSolution
		HideSolutionNode = FALSE
	EndGlobalSection
EndGlobal
